<?xml version="1.0" encoding="UTF-8"?>
<CONFIG>
  <ProjectOptions>
    <Version Value="9"/>
    <General>
      <SessionStorage Value="InProjectDir"/>
      <MainUnit Value="0"/>
      <Title Value="ccdciel"/>
      <ResourceType Value="res"/>
      <UseXPManifest Value="True"/>
      <Icon Value="0"/>
    </General>
    <i18n>
      <EnableI18N LFM="False"/>
    </i18n>
    <VersionInfo>
      <StringTable ProductVersion=""/>
    </VersionInfo>
    <BuildModes Count="3">
      <Item1 Name="Default" Default="True"/>
      <Item2 Name="mem leak">
        <CompilerOptions>
          <Version Value="11"/>
          <Target>
            <Filename Value="ccdciel"/>
          </Target>
          <SearchPaths>
            <IncludeFiles Value="$(ProjOutDir)"/>
            <UnitOutputDirectory Value="units/$(TargetCPU)-$(TargetOS)-$(LCLWidgetType)"/>
          </SearchPaths>
          <CodeGeneration>
            <Optimizations>
              <OptimizationLevel Value="0"/>
            </Optimizations>
          </CodeGeneration>
          <Linking>
            <Debugging>
              <UseHeaptrc Value="True"/>
            </Debugging>
            <Options>
              <Win32>
                <GraphicApplication Value="True"/>
              </Win32>
            </Options>
          </Linking>
          <Other>
            <CustomOptions Value="-dUseCThreads 
-dUseHeapTrc"/>
            <CompilerPath Value="$(CompPath)"/>
          </Other>
        </CompilerOptions>
      </Item2>
      <Item3 Name="win32">
        <MacroValues Count="1">
          <Macro1 Name="LCLWidgetType" Value="win32"/>
        </MacroValues>
        <CompilerOptions>
          <Version Value="11"/>
          <Target>
            <Filename Value="ccdciel"/>
          </Target>
          <SearchPaths>
            <IncludeFiles Value="$(ProjOutDir)"/>
            <UnitOutputDirectory Value="lib/$(TargetCPU)-$(TargetOS)"/>
          </SearchPaths>
          <CodeGeneration>
            <TargetCPU Value="i386"/>
            <TargetOS Value="win32"/>
          </CodeGeneration>
          <Linking>
            <Options>
              <Win32>
                <GraphicApplication Value="True"/>
              </Win32>
            </Options>
          </Linking>
          <Other>
            <CustomOptions Value="-dUseCThreads"/>
            <CompilerPath Value="$(CompPath)"/>
          </Other>
        </CompilerOptions>
      </Item3>
      <SharedMatrixOptions Count="1">
        <Item1 ID="755009368669" Modes="win32" Type="IDEMacro" MacroName="LCLWidgetType" Value="win32"/>
      </SharedMatrixOptions>
    </BuildModes>
    <PublishOptions>
      <Version Value="2"/>
    </PublishOptions>
    <RunParams>
      <local>
        <FormatVersion Value="1"/>
        <CommandLineParams Value="--config=simulation"/>
      </local>
    </RunParams>
    <RequiredPackages Count="4">
      <Item1>
        <PackageName Value="LazUtils"/>
      </Item1>
      <Item2>
        <PackageName Value="FCL"/>
      </Item2>
      <Item3>
        <PackageName Value="indiclient"/>
      </Item3>
      <Item4>
        <PackageName Value="LCL"/>
      </Item4>
    </RequiredPackages>
    <Units Count="44">
      <Unit0>
        <Filename Value="ccdciel.lpr"/>
        <IsPartOfProject Value="True"/>
      </Unit0>
      <Unit1>
        <Filename Value="pu_main.pas"/>
        <IsPartOfProject Value="True"/>
        <ComponentName Value="f_main"/>
        <HasResources Value="True"/>
        <ResourceBaseClass Value="Form"/>
        <UnitName Value="pu_main"/>
      </Unit1>
      <Unit2>
        <Filename Value="fu_devicesconnection.pas"/>
        <IsPartOfProject Value="True"/>
        <ComponentName Value="f_devicesconnection"/>
        <HasResources Value="True"/>
        <ResourceBaseClass Value="Frame"/>
      </Unit2>
      <Unit3>
        <Filename Value="fu_preview.pas"/>
        <IsPartOfProject Value="True"/>
        <ComponentName Value="f_preview"/>
        <HasResources Value="True"/>
        <ResourceBaseClass Value="Frame"/>
      </Unit3>
      <Unit4>
        <Filename Value="fu_msg.pas"/>
        <IsPartOfProject Value="True"/>
        <ComponentName Value="f_msg"/>
        <HasResources Value="True"/>
        <ResourceBaseClass Value="Frame"/>
      </Unit4>
      <Unit5>
        <Filename Value="u_utils.pas"/>
        <IsPartOfProject Value="True"/>
        <UnitName Value="u_utils"/>
      </Unit5>
      <Unit6>
        <Filename Value="fu_visu.pas"/>
        <IsPartOfProject Value="True"/>
        <ComponentName Value="f_visu"/>
        <HasResources Value="True"/>
        <ResourceBaseClass Value="Frame"/>
      </Unit6>
      <Unit7>
        <Filename Value="cu_indimount.pas"/>
        <IsPartOfProject Value="True"/>
        <UnitName Value="cu_indimount"/>
      </Unit7>
      <Unit8>
        <Filename Value="fu_capture.pas"/>
        <IsPartOfProject Value="True"/>
        <ComponentName Value="f_capture"/>
        <HasResources Value="True"/>
        <ResourceBaseClass Value="Frame"/>
      </Unit8>
      <Unit9>
        <Filename Value="pu_devicesetup.pas"/>
        <IsPartOfProject Value="True"/>
        <ComponentName Value="f_setup"/>
        <HasResources Value="True"/>
        <ResourceBaseClass Value="Form"/>
      </Unit9>
      <Unit10>
        <Filename Value="cu_ascomfocuser.pas"/>
        <IsPartOfProject Value="True"/>
      </Unit10>
      <Unit11>
        <Filename Value="cu_focuser.pas"/>
        <IsPartOfProject Value="True"/>
      </Unit11>
      <Unit12>
        <Filename Value="u_global.pas"/>
        <IsPartOfProject Value="True"/>
        <UnitName Value="u_global"/>
      </Unit12>
      <Unit13>
        <Filename Value="fu_starprofile.pas"/>
        <IsPartOfProject Value="True"/>
        <ComponentName Value="f_starprofile"/>
        <HasResources Value="True"/>
        <ResourceBaseClass Value="Frame"/>
      </Unit13>
      <Unit14>
        <Filename Value="fu_filterwheel.pas"/>
        <IsPartOfProject Value="True"/>
        <ComponentName Value="f_filterwheel"/>
        <HasResources Value="True"/>
        <ResourceBaseClass Value="Frame"/>
        <UnitName Value="fu_filterwheel"/>
      </Unit14>
      <Unit15>
        <Filename Value="fu_focuser.pas"/>
        <IsPartOfProject Value="True"/>
        <ComponentName Value="f_focuser"/>
        <HasResources Value="True"/>
        <ResourceBaseClass Value="Frame"/>
      </Unit15>
      <Unit16>
        <Filename Value="fu_mount.pas"/>
        <IsPartOfProject Value="True"/>
        <ComponentName Value="f_mount"/>
        <HasResources Value="True"/>
        <ResourceBaseClass Value="Frame"/>
      </Unit16>
      <Unit17>
        <Filename Value="cu_fits.pas"/>
        <IsPartOfProject Value="True"/>
      </Unit17>
      <Unit18>
        <Filename Value="u_modelisation.pas"/>
        <IsPartOfProject Value="True"/>
      </Unit18>
      <Unit19>
        <Filename Value="cu_indicamera.pas"/>
        <IsPartOfProject Value="True"/>
      </Unit19>
      <Unit20>
        <Filename Value="cu_camera.pas"/>
        <IsPartOfProject Value="True"/>
      </Unit20>
      <Unit21>
        <Filename Value="cu_indifocuser.pas"/>
        <IsPartOfProject Value="True"/>
      </Unit21>
      <Unit22>
        <Filename Value="cu_indiwheel.pas"/>
        <IsPartOfProject Value="True"/>
        <UnitName Value="cu_indiwheel"/>
      </Unit22>
      <Unit23>
        <Filename Value="cu_mount.pas"/>
        <IsPartOfProject Value="True"/>
      </Unit23>
      <Unit24>
        <Filename Value="cu_wheel.pas"/>
        <IsPartOfProject Value="True"/>
        <UnitName Value="cu_wheel"/>
      </Unit24>
      <Unit25>
        <Filename Value="cu_ascomcamera.pas"/>
        <IsPartOfProject Value="True"/>
      </Unit25>
      <Unit26>
        <Filename Value="cu_ascommount.pas"/>
        <IsPartOfProject Value="True"/>
      </Unit26>
      <Unit27>
        <Filename Value="cu_ascomwheel.pas"/>
        <IsPartOfProject Value="True"/>
        <UnitName Value="cu_ascomwheel"/>
      </Unit27>
      <Unit28>
        <Filename Value="pu_valueseditor.pas"/>
        <IsPartOfProject Value="True"/>
        <ComponentName Value="f_valueseditor"/>
        <HasResources Value="True"/>
        <ResourceBaseClass Value="Form"/>
      </Unit28>
      <Unit29>
        <Filename Value="fu_ccdtemp.pas"/>
        <IsPartOfProject Value="True"/>
        <ComponentName Value="f_ccdtemp"/>
        <HasResources Value="True"/>
        <ResourceBaseClass Value="Frame"/>
      </Unit29>
      <Unit30>
        <Filename Value="pu_indigui.pas"/>
        <IsPartOfProject Value="True"/>
        <ComponentName Value="f_indigui"/>
        <HasResources Value="True"/>
        <ResourceBaseClass Value="Form"/>
      </Unit30>
      <Unit31>
        <Filename Value="pu_options.pas"/>
        <IsPartOfProject Value="True"/>
        <ComponentName Value="f_option"/>
        <HasResources Value="True"/>
        <ResourceBaseClass Value="Form"/>
      </Unit31>
      <Unit32>
        <Filename Value="fu_frame.pas"/>
        <IsPartOfProject Value="True"/>
        <ComponentName Value="f_frame"/>
        <HasResources Value="True"/>
        <ResourceBaseClass Value="Frame"/>
      </Unit32>
      <Unit33>
        <Filename Value="cu_astrometry.pas"/>
        <IsPartOfProject Value="True"/>
        <UnitName Value="cu_astrometry"/>
      </Unit33>
      <Unit34>
        <Filename Value="cu_cdcclient.pas"/>
        <IsPartOfProject Value="True"/>
      </Unit34>
      <Unit35>
        <Filename Value="pu_viewtext.pas"/>
        <IsPartOfProject Value="True"/>
        <ComponentName Value="f_viewtext"/>
        <HasResources Value="True"/>
        <ResourceBaseClass Value="Form"/>
      </Unit35>
      <Unit36>
        <Filename Value="cu_autoguider_phd.pas"/>
        <IsPartOfProject Value="True"/>
        <UnitName Value="cu_autoguider_phd"/>
      </Unit36>
      <Unit37>
        <Filename Value="cu_tcpclient.pas"/>
        <IsPartOfProject Value="True"/>
      </Unit37>
      <Unit38>
        <Filename Value="fu_autoguider.pas"/>
        <IsPartOfProject Value="True"/>
        <ComponentName Value="f_autoguider"/>
        <HasResources Value="True"/>
        <ResourceBaseClass Value="Frame"/>
      </Unit38>
      <Unit39>
        <Filename Value="fu_sequence.pas"/>
        <IsPartOfProject Value="True"/>
        <ComponentName Value="f_sequence"/>
        <HasResources Value="True"/>
        <ResourceBaseClass Value="Frame"/>
        <UnitName Value="fu_sequence"/>
      </Unit39>
      <Unit40>
        <Filename Value="u_ccdconfig.pas"/>
        <IsPartOfProject Value="True"/>
      </Unit40>
      <Unit41>
        <Filename Value="pu_edittargets.pas"/>
        <IsPartOfProject Value="True"/>
        <ComponentName Value="f_EditTargets"/>
        <HasResources Value="True"/>
        <ResourceBaseClass Value="Form"/>
        <UnitName Value="pu_edittargets"/>
      </Unit41>
      <Unit42>
        <Filename Value="pu_editplan.pas"/>
        <IsPartOfProject Value="True"/>
        <ComponentName Value="f_EditPlan"/>
        <HasResources Value="True"/>
        <ResourceBaseClass Value="Form"/>
        <UnitName Value="pu_editplan"/>
      </Unit42>
      <Unit43>
        <Filename Value="cu_autoguider.pas"/>
        <IsPartOfProject Value="True"/>
        <UnitName Value="cu_autoguider"/>
      </Unit43>
    </Units>
  </ProjectOptions>
  <CompilerOptions>
    <Version Value="11"/>
    <Target>
      <Filename Value="ccdciel"/>
    </Target>
    <SearchPaths>
      <IncludeFiles Value="$(ProjOutDir)"/>
      <UnitOutputDirectory Value="lib/$(TargetCPU)-$(TargetOS)"/>
    </SearchPaths>
    <Linking>
      <Options>
        <Win32>
          <GraphicApplication Value="True"/>
        </Win32>
      </Options>
    </Linking>
    <Other>
      <CustomOptions Value="-dUseCThreads"/>
      <CompilerPath Value="$(CompPath)"/>
    </Other>
  </CompilerOptions>
  <Debugging>
    <Exceptions Count="3">
      <Item1>
        <Name Value="EAbort"/>
      </Item1>
      <Item2>
        <Name Value="ECodetoolError"/>
      </Item2>
      <Item3>
        <Name Value="EFOpenError"/>
      </Item3>
    </Exceptions>
  </Debugging>
</CONFIG>
